
Microsoft Visual Studio Solution File, Format Version 12.00
# Visual Studio 15
VisualStudioVersion = 15.0.27428.2011
MinimumVisualStudioVersion = 10.0.40219.1
Project("{FAE04EC0-301F-11D3-BF4B-00C04F79EFBC}") = "Project3Groep1Forms", "Project3Groep1Forms.csproj", "{E0B6CCF7-FBA4-4A2E-BAA2-A4470CD69A3E}"
EndProject
Global
	GlobalSection(SolutionConfigurationPlatforms) = preSolution
		Debug|Any CPU = Debug|Any CPU
		Release|Any CPU = Release|Any CPU
	EndGlobalSection
	GlobalSection(ProjectConfigurationPlatforms) = postSolution
		{E0B6CCF7-FBA4-4A2E-BAA2-A4470CD69A3E}.Debug|Any CPU.ActiveCfg = Debug|Any CPU
		{E0B6CCF7-FBA4-4A2E-BAA2-A4470CD69A3E}.Debug|Any CPU.Build.0 = Debug|Any CPU
		{E0B6CCF7-FBA4-4A2E-BAA2-A4470CD69A3E}.Release|Any CPU.ActiveCfg = Release|Any CPU
		{E0B6CCF7-FBA4-4A2E-BAA2-A4470CD69A3E}.Release|Any CPU.Build.0 = Release|Any CPU
	EndGlobalSection
	GlobalSection(SolutionProperties) = preSolution
		HideSolutionNode = FALSE
	EndGlobalSection
	GlobalSection(ExtensibilityGlobals) = postSolution
		SolutionGuid = {7B1BA872-29B2-4A90-9199-21E2C92E0509}
	EndGlobalSection
EndGlobal
